
Microsoft Visual Studio Solution File, Format Version 12.00
# Visual Studio Version 17
VisualStudioVersion = 17.13.35919.96 d17.13
MinimumVisualStudioVersion = 10.0.40219.1
Project("{FAE04EC0-301F-11D3-BF4B-00C04F79EFBC}") = "進階程式設計期末", "進階程式設計期末.csproj", "{7C1215A6-35A9-4152-A631-3956220F2555}"
EndProject
Global
	GlobalSection(SolutionConfigurationPlatforms) = preSolution
		Debug|Any CPU = Debug|Any CPU
		Release|Any CPU = Release|Any CPU
	EndGlobalSection
	GlobalSection(ProjectConfigurationPlatforms) = postSolution
		{7C1215A6-35A9-4152-A631-3956220F2555}.Debug|Any CPU.ActiveCfg = Debug|Any CPU
		{7C1215A6-35A9-4152-A631-3956220F2555}.Debug|Any CPU.Build.0 = Debug|Any CPU
		{7C1215A6-35A9-4152-A631-3956220F2555}.Release|Any CPU.ActiveCfg = Release|Any CPU
		{7C1215A6-35A9-4152-A631-3956220F2555}.Release|Any CPU.Build.0 = Release|Any CPU
	EndGlobalSection
	GlobalSection(SolutionProperties) = preSolution
		HideSolutionNode = FALSE
	EndGlobalSection
	GlobalSection(ExtensibilityGlobals) = postSolution
		SolutionGuid = {44401EB5-E5D1-4A0A-9A0E-B3780D6D7138}
	EndGlobalSection
EndGlobal
